
Microsoft Visual Studio Solution File, Format Version 12.00
# Visual Studio 15
VisualStudioVersion = 15.0.27130.2024
MinimumVisualStudioVersion = 10.0.40219.1
Project("{FAE04EC0-301F-11D3-BF4B-00C04F79EFBC}") = "scaner", "scaner\scaner.csproj", "{33C5F1E8-650A-495D-86A1-33CA47B89586}"
EndProject
Global
	GlobalSection(SolutionConfigurationPlatforms) = preSolution
		Debug|Any CPU = Debug|Any CPU
		Release|Any CPU = Release|Any CPU
	EndGlobalSection
	GlobalSection(ProjectConfigurationPlatforms) = postSolution
		{33C5F1E8-650A-495D-86A1-33CA47B89586}.Debug|Any CPU.ActiveCfg = Debug|Any CPU
		{33C5F1E8-650A-495D-86A1-33CA47B89586}.Debug|Any CPU.Build.0 = Debug|Any CPU
		{33C5F1E8-650A-495D-86A1-33CA47B89586}.Release|Any CPU.ActiveCfg = Release|Any CPU
		{33C5F1E8-650A-495D-86A1-33CA47B89586}.Release|Any CPU.Build.0 = Release|Any CPU
	EndGlobalSection
	GlobalSection(SolutionProperties) = preSolution
		HideSolutionNode = FALSE
	EndGlobalSection
	GlobalSection(ExtensibilityGlobals) = postSolution
		SolutionGuid = {5D9BA94C-D609-4057-9123-9F0AC73D674C}
	EndGlobalSection
EndGlobal
